
Microsoft Visual Studio Solution File, Format Version 12.00
# Visual Studio 2013
VisualStudioVersion = 12.0.21005.1
MinimumVisualStudioVersion = 10.0.40219.1
Project("{FAE04EC0-301F-11D3-BF4B-00C04F79EFBC}") = "WSBD", "WSBD\WSBD.csproj", "{DE79F68A-E2FA-44FF-8F61-4D89E013486E}"
EndProject
Project("{2150E333-8FDC-42A3-9474-1A3956D46DE8}") = "Web-Service", "Web-Service", "{96675D0B-7AF2-440A-B757-24ADD7335931}"
EndProject
Project("{2150E333-8FDC-42A3-9474-1A3956D46DE8}") = "Proyecto", "Proyecto", "{A5B758DB-3463-4074-A534-26CD5F443BFA}"
EndProject
Project("{FAE04EC0-301F-11D3-BF4B-00C04F79EFBC}") = "ConsumeWS", "ConsumeWS\ConsumeWS.csproj", "{3B4E6924-AC86-4DB7-8C98-AFAB3C91663B}"
	ProjectSection(ProjectDependencies) = postProject
		{DE79F68A-E2FA-44FF-8F61-4D89E013486E} = {DE79F68A-E2FA-44FF-8F61-4D89E013486E}
	EndProjectSection
EndProject
Global
	GlobalSection(SolutionConfigurationPlatforms) = preSolution
		Debug|Any CPU = Debug|Any CPU
		Release|Any CPU = Release|Any CPU
	EndGlobalSection
	GlobalSection(ProjectConfigurationPlatforms) = postSolution
		{DE79F68A-E2FA-44FF-8F61-4D89E013486E}.Debug|Any CPU.ActiveCfg = Debug|Any CPU
		{DE79F68A-E2FA-44FF-8F61-4D89E013486E}.Debug|Any CPU.Build.0 = Debug|Any CPU
		{DE79F68A-E2FA-44FF-8F61-4D89E013486E}.Release|Any CPU.ActiveCfg = Release|Any CPU
		{DE79F68A-E2FA-44FF-8F61-4D89E013486E}.Release|Any CPU.Build.0 = Release|Any CPU
		{3B4E6924-AC86-4DB7-8C98-AFAB3C91663B}.Debug|Any CPU.ActiveCfg = Debug|Any CPU
		{3B4E6924-AC86-4DB7-8C98-AFAB3C91663B}.Debug|Any CPU.Build.0 = Debug|Any CPU
		{3B4E6924-AC86-4DB7-8C98-AFAB3C91663B}.Release|Any CPU.ActiveCfg = Release|Any CPU
		{3B4E6924-AC86-4DB7-8C98-AFAB3C91663B}.Release|Any CPU.Build.0 = Release|Any CPU
	EndGlobalSection
	GlobalSection(SolutionProperties) = preSolution
		HideSolutionNode = FALSE
	EndGlobalSection
	GlobalSection(NestedProjects) = preSolution
		{DE79F68A-E2FA-44FF-8F61-4D89E013486E} = {96675D0B-7AF2-440A-B757-24ADD7335931}
		{3B4E6924-AC86-4DB7-8C98-AFAB3C91663B} = {A5B758DB-3463-4074-A534-26CD5F443BFA}
	EndGlobalSection
EndGlobal
